
Microsoft Visual Studio Solution File, Format Version 12.00
# Visual Studio Version 17
VisualStudioVersion = 17.7.34003.232
MinimumVisualStudioVersion = 10.0.40219.1
Project("{FAE04EC0-301F-11D3-BF4B-00C04F79EFBC}") = "ProjetoEmMVC", "ProjetoEmMVC\ProjetoEmMVC.csproj", "{C6D65DFA-5967-4F97-B8AE-120E165F29C7}"
EndProject
Global
	GlobalSection(SolutionConfigurationPlatforms) = preSolution
		Debug|Any CPU = Debug|Any CPU
		Release|Any CPU = Release|Any CPU
	EndGlobalSection
	GlobalSection(ProjectConfigurationPlatforms) = postSolution
		{C6D65DFA-5967-4F97-B8AE-120E165F29C7}.Debug|Any CPU.ActiveCfg = Debug|Any CPU
		{C6D65DFA-5967-4F97-B8AE-120E165F29C7}.Debug|Any CPU.Build.0 = Debug|Any CPU
		{C6D65DFA-5967-4F97-B8AE-120E165F29C7}.Release|Any CPU.ActiveCfg = Release|Any CPU
		{C6D65DFA-5967-4F97-B8AE-120E165F29C7}.Release|Any CPU.Build.0 = Release|Any CPU
	EndGlobalSection
	GlobalSection(SolutionProperties) = preSolution
		HideSolutionNode = FALSE
	EndGlobalSection
	GlobalSection(ExtensibilityGlobals) = postSolution
		SolutionGuid = {A31CF669-69AF-47CC-BF96-4319CEE02158}
	EndGlobalSection
EndGlobal
